
Microsoft Visual Studio Solution File, Format Version 12.00
# Visual Studio 15
VisualStudioVersion = 15.0.28010.2036
MinimumVisualStudioVersion = 10.0.40219.1
Project("{FAE04EC0-301F-11D3-BF4B-00C04F79EFBC}") = "arraysAPP", "arraysAPP\arraysAPP.csproj", "{EE0411DA-B9CD-4B7D-A115-46AD350AE922}"
EndProject
Global
	GlobalSection(SolutionConfigurationPlatforms) = preSolution
		Debug|Any CPU = Debug|Any CPU
		Release|Any CPU = Release|Any CPU
	EndGlobalSection
	GlobalSection(ProjectConfigurationPlatforms) = postSolution
		{EE0411DA-B9CD-4B7D-A115-46AD350AE922}.Debug|Any CPU.ActiveCfg = Debug|Any CPU
		{EE0411DA-B9CD-4B7D-A115-46AD350AE922}.Debug|Any CPU.Build.0 = Debug|Any CPU
		{EE0411DA-B9CD-4B7D-A115-46AD350AE922}.Release|Any CPU.ActiveCfg = Release|Any CPU
		{EE0411DA-B9CD-4B7D-A115-46AD350AE922}.Release|Any CPU.Build.0 = Release|Any CPU
	EndGlobalSection
	GlobalSection(SolutionProperties) = preSolution
		HideSolutionNode = FALSE
	EndGlobalSection
	GlobalSection(ExtensibilityGlobals) = postSolution
		SolutionGuid = {002EF542-1B3E-4302-8BA4-1FD17F780C34}
	EndGlobalSection
EndGlobal
